
Microsoft Visual Studio Solution File, Format Version 12.00
# Visual Studio 15
VisualStudioVersion = 15.0.27428.2037
MinimumVisualStudioVersion = 10.0.40219.1
Project("{888888A0-9F3D-457C-B088-3A5042F75D52}") = "Birthday Chocolate", "Birthday Chocolate\Birthday Chocolate.pyproj", "{5FA8F4CA-E798-4783-A8E2-89D40C8A8BA2}"
EndProject
Global
	GlobalSection(SolutionConfigurationPlatforms) = preSolution
		Debug|Any CPU = Debug|Any CPU
		Release|Any CPU = Release|Any CPU
	EndGlobalSection
	GlobalSection(ProjectConfigurationPlatforms) = postSolution
		{5FA8F4CA-E798-4783-A8E2-89D40C8A8BA2}.Debug|Any CPU.ActiveCfg = Debug|Any CPU
		{5FA8F4CA-E798-4783-A8E2-89D40C8A8BA2}.Release|Any CPU.ActiveCfg = Release|Any CPU
	EndGlobalSection
	GlobalSection(SolutionProperties) = preSolution
		HideSolutionNode = FALSE
	EndGlobalSection
	GlobalSection(ExtensibilityGlobals) = postSolution
		SolutionGuid = {48A04ABD-B9CC-4CEA-A925-2621E0731FC0}
	EndGlobalSection
EndGlobal
